<Solution>
  <Folder Name="/src/">
    <Project Path="src/TransTrack.Api/TransTrack.Api.csproj" />
    <Project Path="src/TransTrack.Core/TransTrack.Core.csproj" />
    <Project Path="src/TransTrack.Data/TransTrack.Data.csproj" />
  </Folder>
  <Folder Name="/tests/">
    <Project Path="tests/TransTrack.Tests/TransTrack.Tests.csproj" />
    <Project Path="tests/TransTrack.UatTests/TransTrack.UatTests.csproj" />
  </Folder>
  <Folder Name="/tools/">
    <Project Path="tools/TransTrack.Automation/TransTrack.Automation.csproj" />
    <Project Path="tools/TransTrack.DemoRunner/TransTrack.DemoRunner.csproj" />
  </Folder>
</Solution>
